
Microsoft Visual Studio Solution File, Format Version 12.00
# Visual Studio Version 17
VisualStudioVersion = 17.11.35327.3
MinimumVisualStudioVersion = 10.0.40219.1
Project("{9A19103F-16F7-4668-BE54-9A1E7A4F7556}") = "WebFormProject", "WebFormProject\WebFormProject.csproj", "{A1EE3466-B82F-47BD-B9FC-51C5B19D54CB}"
EndProject
Project("{9A19103F-16F7-4668-BE54-9A1E7A4F7556}") = "WebFromProject.Entities", "WebFromProject.Entities\WebFromProject.Entities.csproj", "{2A36F078-EBCC-462D-88C2-543189ECBB6E}"
EndProject
Project("{9A19103F-16F7-4668-BE54-9A1E7A4F7556}") = "WebFormProject.DAL", "WebFormProject.DAL\WebFormProject.DAL.csproj", "{682B6128-61DA-44AB-9424-EEBA919C3C5A}"
EndProject
Project("{9A19103F-16F7-4668-BE54-9A1E7A4F7556}") = "WebFormProject.Services", "WebFormProject.Services\WebFormProject.Services.csproj", "{9B7E4906-3A4E-42E5-B24B-121B2A502322}"
EndProject
Project("{FAE04EC0-301F-11D3-BF4B-00C04F79EFBC}") = "WebFormProject.Entities.Shared", "WebFormProject.Entities.Shared\WebFormProject.Entities.Shared.csproj", "{22249CE4-B86A-4D25-B366-10B6E6B8BDB9}"
EndProject
Global
	GlobalSection(SolutionConfigurationPlatforms) = preSolution
		Debug|Any CPU = Debug|Any CPU
		Release|Any CPU = Release|Any CPU
	EndGlobalSection
	GlobalSection(ProjectConfigurationPlatforms) = postSolution
		{A1EE3466-B82F-47BD-B9FC-51C5B19D54CB}.Debug|Any CPU.ActiveCfg = Debug|Any CPU
		{A1EE3466-B82F-47BD-B9FC-51C5B19D54CB}.Debug|Any CPU.Build.0 = Debug|Any CPU
		{A1EE3466-B82F-47BD-B9FC-51C5B19D54CB}.Release|Any CPU.ActiveCfg = Release|Any CPU
		{A1EE3466-B82F-47BD-B9FC-51C5B19D54CB}.Release|Any CPU.Build.0 = Release|Any CPU
		{2A36F078-EBCC-462D-88C2-543189ECBB6E}.Debug|Any CPU.ActiveCfg = Debug|Any CPU
		{2A36F078-EBCC-462D-88C2-543189ECBB6E}.Debug|Any CPU.Build.0 = Debug|Any CPU
		{2A36F078-EBCC-462D-88C2-543189ECBB6E}.Release|Any CPU.ActiveCfg = Release|Any CPU
		{2A36F078-EBCC-462D-88C2-543189ECBB6E}.Release|Any CPU.Build.0 = Release|Any CPU
		{682B6128-61DA-44AB-9424-EEBA919C3C5A}.Debug|Any CPU.ActiveCfg = Debug|Any CPU
		{682B6128-61DA-44AB-9424-EEBA919C3C5A}.Debug|Any CPU.Build.0 = Debug|Any CPU
		{682B6128-61DA-44AB-9424-EEBA919C3C5A}.Release|Any CPU.ActiveCfg = Release|Any CPU
		{682B6128-61DA-44AB-9424-EEBA919C3C5A}.Release|Any CPU.Build.0 = Release|Any CPU
		{9B7E4906-3A4E-42E5-B24B-121B2A502322}.Debug|Any CPU.ActiveCfg = Debug|Any CPU
		{9B7E4906-3A4E-42E5-B24B-121B2A502322}.Debug|Any CPU.Build.0 = Debug|Any CPU
		{9B7E4906-3A4E-42E5-B24B-121B2A502322}.Release|Any CPU.ActiveCfg = Release|Any CPU
		{9B7E4906-3A4E-42E5-B24B-121B2A502322}.Release|Any CPU.Build.0 = Release|Any CPU
		{22249CE4-B86A-4D25-B366-10B6E6B8BDB9}.Debug|Any CPU.ActiveCfg = Debug|Any CPU
		{22249CE4-B86A-4D25-B366-10B6E6B8BDB9}.Debug|Any CPU.Build.0 = Debug|Any CPU
		{22249CE4-B86A-4D25-B366-10B6E6B8BDB9}.Release|Any CPU.ActiveCfg = Release|Any CPU
		{22249CE4-B86A-4D25-B366-10B6E6B8BDB9}.Release|Any CPU.Build.0 = Release|Any CPU
	EndGlobalSection
	GlobalSection(SolutionProperties) = preSolution
		HideSolutionNode = FALSE
	EndGlobalSection
	GlobalSection(ExtensibilityGlobals) = postSolution
		SolutionGuid = {53A00090-B50A-470B-9604-5CBBD1BE7CBB}
	EndGlobalSection
EndGlobal
